{
  "nodes": {
    "nixtest": {
      "locked": {
        "lastModified": 1689623844,
        "narHash": "sha256-VvOQ7iuwsdZzUh213N5cHzaMKmqbX6qWwXoMGXRcE1o=",
        "owner": "jetpack-io",
        "repo": "nixtest",
        "rev": "82e49b045e50a6c0597ab7d613d44c5a323241ab",
        "type": "github"
      },
      "original": {
        "owner": "jetpack-io",
        "repo": "nixtest",
        "type": "github"
      }
    },
    "root": {
      "inputs": {
        "nixtest": "nixtest"
      }
    }
  },
  "root": "root",
  "version": 7
}
